# This file is automatically @generated by Cargo.
# It is not intended for manual editing.
version = 3

[[package]]
name = "getopt"
version = "1.1.0"
source = "registry+https://github.com/rust-lang/crates.io-index"
checksum = "285cb971bc8c03a00e74dd45a6b23bda02425336a6f23231fec898f796ac49a2"

[[package]]
name = "rpi_to_hosts"
version = "0.1.0"
dependencies = [
 "getopt",
]
